{
  "requires": true,
  "lockfileVersion": 1,
  "dependencies": {
    "fireworks-js": {
      "version": "1.0.4",
      "resolved": "https://registry.npmjs.org/fireworks-js/-/fireworks-js-1.0.4.tgz",
      "integrity": "sha512-2LH7e/7CZz/ZW/ip4yrTpi01t5lOPDt4IkhpLiof5eghIt0+ip/L1npzz2Iwb2EXlF+/vkcAf2VqSIt4JDqTLQ=="
    },
    "jquery-fireworks": {
      "version": "1.0.4",
      "resolved": "https://registry.npmjs.org/jquery-fireworks/-/jquery-fireworks-1.0.4.tgz",
      "integrity": "sha1-RtTkBt8srLG6zgkXEkBhsBfvyqA="
    }
  }
}
